
Microsoft Visual Studio Solution File, Format Version 12.00
# Visual Studio Version 16
VisualStudioVersion = 16.0.30907.101
MinimumVisualStudioVersion = 10.0.40219.1
Project("{FAE04EC0-301F-11D3-BF4B-00C04F79EFBC}") = "LoginWPF", "LoginWPF\LoginWPF.csproj", "{2BA7D65B-6B66-4E6A-9C42-C224F175E219}"
EndProject
Global
	GlobalSection(SolutionConfigurationPlatforms) = preSolution
		Debug|Any CPU = Debug|Any CPU
		Release|Any CPU = Release|Any CPU
	EndGlobalSection
	GlobalSection(ProjectConfigurationPlatforms) = postSolution
		{2BA7D65B-6B66-4E6A-9C42-C224F175E219}.Debug|Any CPU.ActiveCfg = Debug|Any CPU
		{2BA7D65B-6B66-4E6A-9C42-C224F175E219}.Debug|Any CPU.Build.0 = Debug|Any CPU
		{2BA7D65B-6B66-4E6A-9C42-C224F175E219}.Release|Any CPU.ActiveCfg = Release|Any CPU
		{2BA7D65B-6B66-4E6A-9C42-C224F175E219}.Release|Any CPU.Build.0 = Release|Any CPU
	EndGlobalSection
	GlobalSection(SolutionProperties) = preSolution
		HideSolutionNode = FALSE
	EndGlobalSection
	GlobalSection(ExtensibilityGlobals) = postSolution
		SolutionGuid = {43A975E7-8380-43CE-806D-6B38E4EC0DF3}
	EndGlobalSection
EndGlobal
